
Microsoft Visual Studio Solution File, Format Version 12.00
# Visual Studio 15
VisualStudioVersion = 15.0.28307.1585
MinimumVisualStudioVersion = 10.0.40219.1
Project("{FAE04EC0-301F-11D3-BF4B-00C04F79EFBC}") = "helloWorld", "WpfApp1\helloWorld.csproj", "{FB489B1B-A906-4391-8EEC-C4DFAC4F3AB3}"
EndProject
Global
	GlobalSection(SolutionConfigurationPlatforms) = preSolution
		Debug|Any CPU = Debug|Any CPU
		Release|Any CPU = Release|Any CPU
	EndGlobalSection
	GlobalSection(ProjectConfigurationPlatforms) = postSolution
		{FB489B1B-A906-4391-8EEC-C4DFAC4F3AB3}.Debug|Any CPU.ActiveCfg = Debug|Any CPU
		{FB489B1B-A906-4391-8EEC-C4DFAC4F3AB3}.Debug|Any CPU.Build.0 = Debug|Any CPU
		{FB489B1B-A906-4391-8EEC-C4DFAC4F3AB3}.Release|Any CPU.ActiveCfg = Release|Any CPU
		{FB489B1B-A906-4391-8EEC-C4DFAC4F3AB3}.Release|Any CPU.Build.0 = Release|Any CPU
	EndGlobalSection
	GlobalSection(SolutionProperties) = preSolution
		HideSolutionNode = FALSE
	EndGlobalSection
	GlobalSection(ExtensibilityGlobals) = postSolution
		SolutionGuid = {AD2CB13D-7C17-42AF-A3E5-AD3C5F015541}
	EndGlobalSection
EndGlobal
